// !$*UTF8*$!
{
	archiveVersion = 1;
	classes = {
	};
	objectVersion = 46;
	objects = {

/* Begin PBXBuildFile section */
		67CB7EFCB0DCE9DFBB46D300 /* Pods_geographyQuizUITests.framework in Frameworks */ = {isa = PBXBuildFile; fileRef = C5EF30AA12CC4F085EA48123 /* Pods_geographyQuizUITests.framework */; };
		6828EC493E88C98FF6D96A85 /* Pods_geographyQuizTests.framework in Frameworks */ = {isa = PBXBuildFile; fileRef = DCE152D53BEE40885D296519 /* Pods_geographyQuizTests.framework */; };
		951499881D5FDFEA009390B5 /* AppDelegate.swift in Sources */ = {isa = PBXBuildFile; fileRef = 951499871D5FDFEA009390B5 /* AppDelegate.swift */; };
		9514998A1D5FDFEA009390B5 /* ViewController.swift in Sources */ = {isa = PBXBuildFile; fileRef = 951499891D5FDFEA009390B5 /* ViewController.swift */; };
		9514998D1D5FDFEA009390B5 /* Main.storyboard in Resources */ = {isa = PBXBuildFile; fileRef = 9514998B1D5FDFEA009390B5 /* Main.storyboard */; };
		9514998F1D5FDFEA009390B5 /* Assets.xcassets in Resources */ = {isa = PBXBuildFile; fileRef = 9514998E1D5FDFEA009390B5 /* Assets.xcassets */; };
		951499921D5FDFEA009390B5 /* LaunchScreen.storyboard in Resources */ = {isa = PBXBuildFile; fileRef = 951499901D5FDFEA009390B5 /* LaunchScreen.storyboard */; };
		9514999D1D5FDFEA009390B5 /* geographyQuizTests.swift in Sources */ = {isa = PBXBuildFile; fileRef = 9514999C1D5FDFEA009390B5 /* geographyQuizTests.swift */; };
		951499A81D5FDFEA009390B5 /* geographyQuizUITests.swift in Sources */ = {isa = PBXBuildFile; fileRef = 951499A71D5FDFEA009390B5 /* geographyQuizUITests.swift */; };
		951499B81D5FE2CE009390B5 /* PickContinentViewController.swift in Sources */ = {isa = PBXBuildFile; fileRef = 951499B71D5FE2CE009390B5 /* PickContinentViewController.swift */; };
		951499BB1D5FE305009390B5 /* CoreDataViewController.swift in Sources */ = {isa = PBXBuildFile; fileRef = 951499BA1D5FE305009390B5 /* CoreDataViewController.swift */; };
		951499BE1D5FE374009390B5 /* Model.xcdatamodeld in Sources */ = {isa = PBXBuildFile; fileRef = 951499BC1D5FE374009390B5 /* Model.xcdatamodeld */; };
		951499C91D5FE54A009390B5 /* CountryModel+CoreDataProperties.swift in Sources */ = {isa = PBXBuildFile; fileRef = 951499C71D5FE54A009390B5 /* CountryModel+CoreDataProperties.swift */; };
		951499CA1D5FE54A009390B5 /* CountryModel+CoreDataProperties.swift in Sources */ = {isa = PBXBuildFile; fileRef = 951499C71D5FE54A009390B5 /* CountryModel+CoreDataProperties.swift */; };
		951499CB1D5FE54A009390B5 /* CountryModel+CoreDataProperties.swift in Sources */ = {isa = PBXBuildFile; fileRef = 951499C71D5FE54A009390B5 /* CountryModel+CoreDataProperties.swift */; };
		951499CC1D5FE54A009390B5 /* CountryModel.swift in Sources */ = {isa = PBXBuildFile; fileRef = 951499C81D5FE54A009390B5 /* CountryModel.swift */; };
		951499CD1D5FE54A009390B5 /* CountryModel.swift in Sources */ = {isa = PBXBuildFile; fileRef = 951499C81D5FE54A009390B5 /* CountryModel.swift */; };
		951499CE1D5FE54A009390B5 /* CountryModel.swift in Sources */ = {isa = PBXBuildFile; fileRef = 951499C81D5FE54A009390B5 /* CountryModel.swift */; };
		951499D01D5FE57E009390B5 /* CodeDataStack.swift in Sources */ = {isa = PBXBuildFile; fileRef = 951499CF1D5FE57E009390B5 /* CodeDataStack.swift */; };
		951499D11D5FE57E009390B5 /* CodeDataStack.swift in Sources */ = {isa = PBXBuildFile; fileRef = 951499CF1D5FE57E009390B5 /* CodeDataStack.swift */; };
		951499D21D5FE57E009390B5 /* CodeDataStack.swift in Sources */ = {isa = PBXBuildFile; fileRef = 951499CF1D5FE57E009390B5 /* CodeDataStack.swift */; };
		951499D41D5FED87009390B5 /* MapViewContoller.swift in Sources */ = {isa = PBXBuildFile; fileRef = 951499D31D5FED87009390B5 /* MapViewContoller.swift */; };
		951499D51D5FED87009390B5 /* MapViewContoller.swift in Sources */ = {isa = PBXBuildFile; fileRef = 951499D31D5FED87009390B5 /* MapViewContoller.swift */; };
		951499D61D5FED87009390B5 /* MapViewContoller.swift in Sources */ = {isa = PBXBuildFile; fileRef = 951499D31D5FED87009390B5 /* MapViewContoller.swift */; };
		951499D71D5FEDC2009390B5 /* CoreDataViewController.swift in Sources */ = {isa = PBXBuildFile; fileRef = 951499BA1D5FE305009390B5 /* CoreDataViewController.swift */; };
		951499D81D5FEDC3009390B5 /* CoreDataViewController.swift in Sources */ = {isa = PBXBuildFile; fileRef = 951499BA1D5FE305009390B5 /* CoreDataViewController.swift */; };
		956BC6B21D5FF1FA006AF440 /* countries.json in Resources */ = {isa = PBXBuildFile; fileRef = 956BC6B11D5FF1FA006AF440 /* countries.json */; };
		956BC6B31D5FF1FA006AF440 /* countries.json in Resources */ = {isa = PBXBuildFile; fileRef = 956BC6B11D5FF1FA006AF440 /* countries.json */; };
		956BC6B41D5FF1FA006AF440 /* countries.json in Resources */ = {isa = PBXBuildFile; fileRef = 956BC6B11D5FF1FA006AF440 /* countries.json */; };
		956BC6B51D5FF2FD006AF440 /* AppDelegate.swift in Sources */ = {isa = PBXBuildFile; fileRef = 951499871D5FDFEA009390B5 /* AppDelegate.swift */; };
		956BC6B61D5FF2FE006AF440 /* AppDelegate.swift in Sources */ = {isa = PBXBuildFile; fileRef = 951499871D5FDFEA009390B5 /* AppDelegate.swift */; };
		ABE2C8F7ECC398B10AD75D07 /* Pods_geographyQuiz.framework in Frameworks */ = {isa = PBXBuildFile; fileRef = BDF7695B2131975090BFAA40 /* Pods_geographyQuiz.framework */; };
/* End PBXBuildFile section */

/* Begin PBXContainerItemProxy section */
		951499991D5FDFEA009390B5 /* PBXContainerItemProxy */ = {
			isa = PBXContainerItemProxy;
			containerPortal = 9514997C1D5FDFE9009390B5 /* Project object */;
			proxyType = 1;
			remoteGlobalIDString = 951499831D5FDFE9009390B5;
			remoteInfo = geographyQuiz;
		};
		951499A41D5FDFEA009390B5 /* PBXContainerItemProxy */ = {
			isa = PBXContainerItemProxy;
			containerPortal = 9514997C1D5FDFE9009390B5 /* Project object */;
			proxyType = 1;
			remoteGlobalIDString = 951499831D5FDFE9009390B5;
			remoteInfo = geographyQuiz;
		};
/* End PBXContainerItemProxy section */

/* Begin PBXFileReference section */
		0D85A8BC38A9068259FBA049 /* Pods-geographyQuizUITests.debug.xcconfig */ = {isa = PBXFileReference; includeInIndex = 1; lastKnownFileType = text.xcconfig; name = "Pods-geographyQuizUITests.debug.xcconfig"; path = "Pods/Target Support Files/Pods-geographyQuizUITests/Pods-geographyQuizUITests.debug.xcconfig"; sourceTree = "<group>"; };
		34C3D72AFD8B620B7C5587A1 /* Pods-geographyQuizTests.release.xcconfig */ = {isa = PBXFileReference; includeInIndex = 1; lastKnownFileType = text.xcconfig; name = "Pods-geographyQuizTests.release.xcconfig"; path = "Pods/Target Support Files/Pods-geographyQuizTests/Pods-geographyQuizTests.release.xcconfig"; sourceTree = "<group>"; };
		4645C5E42F39A3D36BD3E0B4 /* Pods-geographyQuizUITests.release.xcconfig */ = {isa = PBXFileReference; includeInIndex = 1; lastKnownFileType = text.xcconfig; name = "Pods-geographyQuizUITests.release.xcconfig"; path = "Pods/Target Support Files/Pods-geographyQuizUITests/Pods-geographyQuizUITests.release.xcconfig"; sourceTree = "<group>"; };
		6CE94BFAD4CB08AE88689E32 /* Pods-geographyQuiz.release.xcconfig */ = {isa = PBXFileReference; includeInIndex = 1; lastKnownFileType = text.xcconfig; name = "Pods-geographyQuiz.release.xcconfig"; path = "Pods/Target Support Files/Pods-geographyQuiz/Pods-geographyQuiz.release.xcconfig"; sourceTree = "<group>"; };
		951499841D5FDFE9009390B5 /* geographyQuiz.app */ = {isa = PBXFileReference; explicitFileType = wrapper.application; includeInIndex = 0; path = geographyQuiz.app; sourceTree = BUILT_PRODUCTS_DIR; };
		951499871D5FDFEA009390B5 /* AppDelegate.swift */ = {isa = PBXFileReference; lastKnownFileType = sourcecode.swift; path = AppDelegate.swift; sourceTree = "<group>"; };
		951499891D5FDFEA009390B5 /* ViewController.swift */ = {isa = PBXFileReference; lastKnownFileType = sourcecode.swift; path = ViewController.swift; sourceTree = "<group>"; };
		9514998C1D5FDFEA009390B5 /* Base */ = {isa = PBXFileReference; lastKnownFileType = file.storyboard; name = Base; path = Base.lproj/Main.storyboard; sourceTree = "<group>"; };
		9514998E1D5FDFEA009390B5 /* Assets.xcassets */ = {isa = PBXFileReference; lastKnownFileType = folder.assetcatalog; path = Assets.xcassets; sourceTree = "<group>"; };
		951499911D5FDFEA009390B5 /* Base */ = {isa = PBXFileReference; lastKnownFileType = file.storyboard; name = Base; path = Base.lproj/LaunchScreen.storyboard; sourceTree = "<group>"; };
		951499931D5FDFEA009390B5 /* Info.plist */ = {isa = PBXFileReference; lastKnownFileType = text.plist.xml; path = Info.plist; sourceTree = "<group>"; };
		951499981D5FDFEA009390B5 /* geographyQuizTests.xctest */ = {isa = PBXFileReference; explicitFileType = wrapper.cfbundle; includeInIndex = 0; path = geographyQuizTests.xctest; sourceTree = BUILT_PRODUCTS_DIR; };
		9514999C1D5FDFEA009390B5 /* geographyQuizTests.swift */ = {isa = PBXFileReference; lastKnownFileType = sourcecode.swift; path = geographyQuizTests.swift; sourceTree = "<group>"; };
		9514999E1D5FDFEA009390B5 /* Info.plist */ = {isa = PBXFileReference; lastKnownFileType = text.plist.xml; path = Info.plist; sourceTree = "<group>"; };
		951499A31D5FDFEA009390B5 /* geographyQuizUITests.xctest */ = {isa = PBXFileReference; explicitFileType = wrapper.cfbundle; includeInIndex = 0; path = geographyQuizUITests.xctest; sourceTree = BUILT_PRODUCTS_DIR; };
		951499A71D5FDFEA009390B5 /* geographyQuizUITests.swift */ = {isa = PBXFileReference; lastKnownFileType = sourcecode.swift; path = geographyQuizUITests.swift; sourceTree = "<group>"; };
		951499A91D5FDFEA009390B5 /* Info.plist */ = {isa = PBXFileReference; lastKnownFileType = text.plist.xml; path = Info.plist; sourceTree = "<group>"; };
		951499B71D5FE2CE009390B5 /* PickContinentViewController.swift */ = {isa = PBXFileReference; fileEncoding = 4; lastKnownFileType = sourcecode.swift; path = PickContinentViewController.swift; sourceTree = "<group>"; };
		951499BA1D5FE305009390B5 /* CoreDataViewController.swift */ = {isa = PBXFileReference; fileEncoding = 4; lastKnownFileType = sourcecode.swift; path = CoreDataViewController.swift; sourceTree = "<group>"; };
		951499BD1D5FE374009390B5 /* Model.xcdatamodel */ = {isa = PBXFileReference; lastKnownFileType = wrapper.xcdatamodel; path = Model.xcdatamodel; sourceTree = "<group>"; };
		951499C71D5FE54A009390B5 /* CountryModel+CoreDataProperties.swift */ = {isa = PBXFileReference; fileEncoding = 4; lastKnownFileType = sourcecode.swift; path = "CountryModel+CoreDataProperties.swift"; sourceTree = "<group>"; };
		951499C81D5FE54A009390B5 /* CountryModel.swift */ = {isa = PBXFileReference; fileEncoding = 4; lastKnownFileType = sourcecode.swift; path = CountryModel.swift; sourceTree = "<group>"; };
		951499CF1D5FE57E009390B5 /* CodeDataStack.swift */ = {isa = PBXFileReference; fileEncoding = 4; lastKnownFileType = sourcecode.swift; path = CodeDataStack.swift; sourceTree = "<group>"; };
		951499D31D5FED87009390B5 /* MapViewContoller.swift */ = {isa = PBXFileReference; fileEncoding = 4; lastKnownFileType = sourcecode.swift; path = MapViewContoller.swift; sourceTree = "<group>"; };
		956BC6B11D5FF1FA006AF440 /* countries.json */ = {isa = PBXFileReference; fileEncoding = 4; lastKnownFileType = text.json; path = countries.json; sourceTree = "<group>"; };
		A1094A7AB292748DA293CAD4 /* Pods-geographyQuizTests.debug.xcconfig */ = {isa = PBXFileReference; includeInIndex = 1; lastKnownFileType = text.xcconfig; name = "Pods-geographyQuizTests.debug.xcconfig"; path = "Pods/Target Support Files/Pods-geographyQuizTests/Pods-geographyQuizTests.debug.xcconfig"; sourceTree = "<group>"; };
		BDF7695B2131975090BFAA40 /* Pods_geographyQuiz.framework */ = {isa = PBXFileReference; explicitFileType = wrapper.framework; includeInIndex = 0; path = Pods_geographyQuiz.framework; sourceTree = BUILT_PRODUCTS_DIR; };
		C5EF30AA12CC4F085EA48123 /* Pods_geographyQuizUITests.framework */ = {isa = PBXFileReference; explicitFileType = wrapper.framework; includeInIndex = 0; path = Pods_geographyQuizUITests.framework; sourceTree = BUILT_PRODUCTS_DIR; };
		C977326DD503311C43E401E7 /* Pods-geographyQuiz.debug.xcconfig */ = {isa = PBXFileReference; includeInIndex = 1; lastKnownFileType = text.xcconfig; name = "Pods-geographyQuiz.debug.xcconfig"; path = "Pods/Target Support Files/Pods-geographyQuiz/Pods-geographyQuiz.debug.xcconfig"; sourceTree = "<group>"; };
		DCE152D53BEE40885D296519 /* Pods_geographyQuizTests.framework */ = {isa = PBXFileReference; explicitFileType = wrapper.framework; includeInIndex = 0; path = Pods_geographyQuizTests.framework; sourceTree = BUILT_PRODUCTS_DIR; };
/* End PBXFileReference section */

/* Begin PBXFrameworksBuildPhase section */
		951499811D5FDFE9009390B5 /* Frameworks */ = {
			isa = PBXFrameworksBuildPhase;
			buildActionMask = 2147483647;
			files = (
				ABE2C8F7ECC398B10AD75D07 /* Pods_geographyQuiz.framework in Frameworks */,
			);
			runOnlyForDeploymentPostprocessing = 0;
		};
		951499951D5FDFEA009390B5 /* Frameworks */ = {
			isa = PBXFrameworksBuildPhase;
			buildActionMask = 2147483647;
			files = (
				6828EC493E88C98FF6D96A85 /* Pods_geographyQuizTests.framework in Frameworks */,
			);
			runOnlyForDeploymentPostprocessing = 0;
		};
		951499A01D5FDFEA009390B5 /* Frameworks */ = {
			isa = PBXFrameworksBuildPhase;
			buildActionMask = 2147483647;
			files = (
				67CB7EFCB0DCE9DFBB46D300 /* Pods_geographyQuizUITests.framework in Frameworks */,
			);
			runOnlyForDeploymentPostprocessing = 0;
		};
/* End PBXFrameworksBuildPhase section */

/* Begin PBXGroup section */
		3CE253BEF4917388FC061B6A /* Frameworks */ = {
			isa = PBXGroup;
			children = (
				BDF7695B2131975090BFAA40 /* Pods_geographyQuiz.framework */,
				DCE152D53BEE40885D296519 /* Pods_geographyQuizTests.framework */,
				C5EF30AA12CC4F085EA48123 /* Pods_geographyQuizUITests.framework */,
			);
			name = Frameworks;
			sourceTree = "<group>";
		};
		4EE1F68155959D042A491E9E /* Pods */ = {
			isa = PBXGroup;
			children = (
				C977326DD503311C43E401E7 /* Pods-geographyQuiz.debug.xcconfig */,
				6CE94BFAD4CB08AE88689E32 /* Pods-geographyQuiz.release.xcconfig */,
				A1094A7AB292748DA293CAD4 /* Pods-geographyQuizTests.debug.xcconfig */,
				34C3D72AFD8B620B7C5587A1 /* Pods-geographyQuizTests.release.xcconfig */,
				0D85A8BC38A9068259FBA049 /* Pods-geographyQuizUITests.debug.xcconfig */,
				4645C5E42F39A3D36BD3E0B4 /* Pods-geographyQuizUITests.release.xcconfig */,
			);
			name = Pods;
			sourceTree = "<group>";
		};
		9514997B1D5FDFE9009390B5 = {
			isa = PBXGroup;
			children = (
				951499861D5FDFE9009390B5 /* geographyQuiz */,
				9514999B1D5FDFEA009390B5 /* geographyQuizTests */,
				951499A61D5FDFEA009390B5 /* geographyQuizUITests */,
				951499851D5FDFE9009390B5 /* Products */,
				4EE1F68155959D042A491E9E /* Pods */,
				3CE253BEF4917388FC061B6A /* Frameworks */,
			);
			sourceTree = "<group>";
		};
		951499851D5FDFE9009390B5 /* Products */ = {
			isa = PBXGroup;
			children = (
				951499841D5FDFE9009390B5 /* geographyQuiz.app */,
				951499981D5FDFEA009390B5 /* geographyQuizTests.xctest */,
				951499A31D5FDFEA009390B5 /* geographyQuizUITests.xctest */,
			);
			name = Products;
			sourceTree = "<group>";
		};
		951499861D5FDFE9009390B5 /* geographyQuiz */ = {
			isa = PBXGroup;
			children = (
				951499B61D5FE2A6009390B5 /* Controllers */,
				951499B51D5FE29C009390B5 /* Models */,
				951499871D5FDFEA009390B5 /* AppDelegate.swift */,
				951499891D5FDFEA009390B5 /* ViewController.swift */,
				9514998B1D5FDFEA009390B5 /* Main.storyboard */,
				9514998E1D5FDFEA009390B5 /* Assets.xcassets */,
				951499901D5FDFEA009390B5 /* LaunchScreen.storyboard */,
				951499931D5FDFEA009390B5 /* Info.plist */,
				956BC6B11D5FF1FA006AF440 /* countries.json */,
			);
			path = geographyQuiz;
			sourceTree = "<group>";
		};
		9514999B1D5FDFEA009390B5 /* geographyQuizTests */ = {
			isa = PBXGroup;
			children = (
				9514999C1D5FDFEA009390B5 /* geographyQuizTests.swift */,
				9514999E1D5FDFEA009390B5 /* Info.plist */,
			);
			path = geographyQuizTests;
			sourceTree = "<group>";
		};
		951499A61D5FDFEA009390B5 /* geographyQuizUITests */ = {
			isa = PBXGroup;
			children = (
				951499A71D5FDFEA009390B5 /* geographyQuizUITests.swift */,
				951499A91D5FDFEA009390B5 /* Info.plist */,
			);
			path = geographyQuizUITests;
			sourceTree = "<group>";
		};
		951499B51D5FE29C009390B5 /* Models */ = {
			isa = PBXGroup;
			children = (
				951499C71D5FE54A009390B5 /* CountryModel+CoreDataProperties.swift */,
				951499C81D5FE54A009390B5 /* CountryModel.swift */,
				951499BC1D5FE374009390B5 /* Model.xcdatamodeld */,
				951499CF1D5FE57E009390B5 /* CodeDataStack.swift */,
			);
			name = Models;
			sourceTree = "<group>";
		};
		951499B61D5FE2A6009390B5 /* Controllers */ = {
			isa = PBXGroup;
			children = (
				951499B71D5FE2CE009390B5 /* PickContinentViewController.swift */,
				951499BA1D5FE305009390B5 /* CoreDataViewController.swift */,
				951499D31D5FED87009390B5 /* MapViewContoller.swift */,
			);
			name = Controllers;
			sourceTree = "<group>";
		};
/* End PBXGroup section */

/* Begin PBXNativeTarget section */
		951499831D5FDFE9009390B5 /* geographyQuiz */ = {
			isa = PBXNativeTarget;
			buildConfigurationList = 951499AC1D5FDFEA009390B5 /* Build configuration list for PBXNativeTarget "geographyQuiz" */;
			buildPhases = (
				C3EAD9FC14B7A5A17503D1D5 /* [CP] Check Pods Manifest.lock */,
				951499801D5FDFE9009390B5 /* Sources */,
				951499811D5FDFE9009390B5 /* Frameworks */,
				951499821D5FDFE9009390B5 /* Resources */,
				BF832C949B759189C88B47B2 /* [CP] Embed Pods Frameworks */,
				CF3EA046CCF19134D42EAF43 /* [CP] Copy Pods Resources */,
			);
			buildRules = (
			);
			dependencies = (
			);
			name = geographyQuiz;
			productName = geographyQuiz;
			productReference = 951499841D5FDFE9009390B5 /* geographyQuiz.app */;
			productType = "com.apple.product-type.application";
		};
		951499971D5FDFEA009390B5 /* geographyQuizTests */ = {
			isa = PBXNativeTarget;
			buildConfigurationList = 951499AF1D5FDFEA009390B5 /* Build configuration list for PBXNativeTarget "geographyQuizTests" */;
			buildPhases = (
				00FDBF323F44C5F9F840E670 /* [CP] Check Pods Manifest.lock */,
				951499941D5FDFEA009390B5 /* Sources */,
				951499951D5FDFEA009390B5 /* Frameworks */,
				951499961D5FDFEA009390B5 /* Resources */,
				14FBBE9792F7AB6C24B0DBF9 /* [CP] Embed Pods Frameworks */,
				FAEC5643210A1820909E794F /* [CP] Copy Pods Resources */,
			);
			buildRules = (
			);
			dependencies = (
				9514999A1D5FDFEA009390B5 /* PBXTargetDependency */,
			);
			name = geographyQuizTests;
			productName = geographyQuizTests;
			productReference = 951499981D5FDFEA009390B5 /* geographyQuizTests.xctest */;
			productType = "com.apple.product-type.bundle.unit-test";
		};
		951499A21D5FDFEA009390B5 /* geographyQuizUITests */ = {
			isa = PBXNativeTarget;
			buildConfigurationList = 951499B21D5FDFEA009390B5 /* Build configuration list for PBXNativeTarget "geographyQuizUITests" */;
			buildPhases = (
				87672182A991D96E28156893 /* [CP] Check Pods Manifest.lock */,
				9514999F1D5FDFEA009390B5 /* Sources */,
				951499A01D5FDFEA009390B5 /* Frameworks */,
				951499A11D5FDFEA009390B5 /* Resources */,
				EF51E8431073C5C2895CA528 /* [CP] Copy Pods Resources */,
			);
			buildRules = (
			);
			dependencies = (
				951499A51D5FDFEA009390B5 /* PBXTargetDependency */,
			);
			name = geographyQuizUITests;
			productName = geographyQuizUITests;
			productReference = 951499A31D5FDFEA009390B5 /* geographyQuizUITests.xctest */;
			productType = "com.apple.product-type.bundle.ui-testing";
		};
/* End PBXNativeTarget section */

/* Begin PBXProject section */
		9514997C1D5FDFE9009390B5 /* Project object */ = {
			isa = PBXProject;
			attributes = {
				LastSwiftUpdateCheck = 0730;
				LastUpgradeCheck = 0730;
				ORGANIZATIONNAME = "Anna Rogers";
				TargetAttributes = {
					951499831D5FDFE9009390B5 = {
						CreatedOnToolsVersion = 7.3.1;
						DevelopmentTeam = XZGNRQX4CK;
					};
					951499971D5FDFEA009390B5 = {
						CreatedOnToolsVersion = 7.3.1;
						DevelopmentTeam = XZGNRQX4CK;
						TestTargetID = 951499831D5FDFE9009390B5;
					};
					951499A21D5FDFEA009390B5 = {
						CreatedOnToolsVersion = 7.3.1;
						DevelopmentTeam = XZGNRQX4CK;
						TestTargetID = 951499831D5FDFE9009390B5;
					};
				};
			};
			buildConfigurationList = 9514997F1D5FDFE9009390B5 /* Build configuration list for PBXProject "geographyQuiz" */;
			compatibilityVersion = "Xcode 3.2";
			developmentRegion = English;
			hasScannedForEncodings = 0;
			knownRegions = (
				en,
				Base,
			);
			mainGroup = 9514997B1D5FDFE9009390B5;
			productRefGroup = 951499851D5FDFE9009390B5 /* Products */;
			projectDirPath = "";
			projectRoot = "";
			targets = (
				951499831D5FDFE9009390B5 /* geographyQuiz */,
				951499971D5FDFEA009390B5 /* geographyQuizTests */,
				951499A21D5FDFEA009390B5 /* geographyQuizUITests */,
			);
		};
/* End PBXProject section */

/* Begin PBXResourcesBuildPhase section */
		951499821D5FDFE9009390B5 /* Resources */ = {
			isa = PBXResourcesBuildPhase;
			buildActionMask = 2147483647;
			files = (
				951499921D5FDFEA009390B5 /* LaunchScreen.storyboard in Resources */,
				956BC6B21D5FF1FA006AF440 /* countries.json in Resources */,
				9514998F1D5FDFEA009390B5 /* Assets.xcassets in Resources */,
				9514998D1D5FDFEA009390B5 /* Main.storyboard in Resources */,
			);
			runOnlyForDeploymentPostprocessing = 0;
		};
		951499961D5FDFEA009390B5 /* Resources */ = {
			isa = PBXResourcesBuildPhase;
			buildActionMask = 2147483647;
			files = (
				956BC6B31D5FF1FA006AF440 /* countries.json in Resources */,
			);
			runOnlyForDeploymentPostprocessing = 0;
		};
		951499A11D5FDFEA009390B5 /* Resources */ = {
			isa = PBXResourcesBuildPhase;
			buildActionMask = 2147483647;
			files = (
				956BC6B41D5FF1FA006AF440 /* countries.json in Resources */,
			);
			runOnlyForDeploymentPostprocessing = 0;
		};
/* End PBXResourcesBuildPhase section */

/* Begin PBXShellScriptBuildPhase section */
		00FDBF323F44C5F9F840E670 /* [CP] Check Pods Manifest.lock */ = {
			isa = PBXShellScriptBuildPhase;
			buildActionMask = 2147483647;
			files = (
			);
			inputPaths = (
			);
			name = "[CP] Check Pods Manifest.lock";
			outputPaths = (
			);
			runOnlyForDeploymentPostprocessing = 0;
			shellPath = /bin/sh;
			shellScript = "diff \"${PODS_ROOT}/../Podfile.lock\" \"${PODS_ROOT}/Manifest.lock\" > /dev/null\nif [[ $? != 0 ]] ; then\n    cat << EOM\nerror: The sandbox is not in sync with the Podfile.lock. Run 'pod install' or update your CocoaPods installation.\nEOM\n    exit 1\nfi\n";
			showEnvVarsInLog = 0;
		};
		14FBBE9792F7AB6C24B0DBF9 /* [CP] Embed Pods Frameworks */ = {
			isa = PBXShellScriptBuildPhase;
			buildActionMask = 2147483647;
			files = (
			);
			inputPaths = (
			);
			name = "[CP] Embed Pods Frameworks";
			outputPaths = (
			);
			runOnlyForDeploymentPostprocessing = 0;
			shellPath = /bin/sh;
			shellScript = "\"${SRCROOT}/Pods/Target Support Files/Pods-geographyQuizTests/Pods-geographyQuizTests-frameworks.sh\"\n";
			showEnvVarsInLog = 0;
		};
		87672182A991D96E28156893 /* [CP] Check Pods Manifest.lock */ = {
			isa = PBXShellScriptBuildPhase;
			buildActionMask = 2147483647;
			files = (
			);
			inputPaths = (
			);
			name = "[CP] Check Pods Manifest.lock";
			outputPaths = (
			);
			runOnlyForDeploymentPostprocessing = 0;
			shellPath = /bin/sh;
			shellScript = "diff \"${PODS_ROOT}/../Podfile.lock\" \"${PODS_ROOT}/Manifest.lock\" > /dev/null\nif [[ $? != 0 ]] ; then\n    cat << EOM\nerror: The sandbox is not in sync with the Podfile.lock. Run 'pod install' or update your CocoaPods installation.\nEOM\n    exit 1\nfi\n";
			showEnvVarsInLog = 0;
		};
		BF832C949B759189C88B47B2 /* [CP] Embed Pods Frameworks */ = {
			isa = PBXShellScriptBuildPhase;
			buildActionMask = 2147483647;
			files = (
			);
			inputPaths = (
			);
			name = "[CP] Embed Pods Frameworks";
			outputPaths = (
			);
			runOnlyForDeploymentPostprocessing = 0;
			shellPath = /bin/sh;
			shellScript = "\"${SRCROOT}/Pods/Target Support Files/Pods-geographyQuiz/Pods-geographyQuiz-frameworks.sh\"\n";
			showEnvVarsInLog = 0;
		};
		C3EAD9FC14B7A5A17503D1D5 /* [CP] Check Pods Manifest.lock */ = {
			isa = PBXShellScriptBuildPhase;
			buildActionMask = 2147483647;
			files = (
			);
			inputPaths = (
			);
			name = "[CP] Check Pods Manifest.lock";
			outputPaths = (
			);
			runOnlyForDeploymentPostprocessing = 0;
			shellPath = /bin/sh;
			shellScript = "diff \"${PODS_ROOT}/../Podfile.lock\" \"${PODS_ROOT}/Manifest.lock\" > /dev/null\nif [[ $? != 0 ]] ; then\n    cat << EOM\nerror: The sandbox is not in sync with the Podfile.lock. Run 'pod install' or update your CocoaPods installation.\nEOM\n    exit 1\nfi\n";
			showEnvVarsInLog = 0;
		};
		CF3EA046CCF19134D42EAF43 /* [CP] Copy Pods Resources */ = {
			isa = PBXShellScriptBuildPhase;
			buildActionMask = 2147483647;
			files = (
			);
			inputPaths = (
			);
			name = "[CP] Copy Pods Resources";
			outputPaths = (
			);
			runOnlyForDeploymentPostprocessing = 0;
			shellPath = /bin/sh;
			shellScript = "\"${SRCROOT}/Pods/Target Support Files/Pods-geographyQuiz/Pods-geographyQuiz-resources.sh\"\n";
			showEnvVarsInLog = 0;
		};
		EF51E8431073C5C2895CA528 /* [CP] Copy Pods Resources */ = {
			isa = PBXShellScriptBuildPhase;
			buildActionMask = 2147483647;
			files = (
			);
			inputPaths = (
			);
			name = "[CP] Copy Pods Resources";
			outputPaths = (
			);
			runOnlyForDeploymentPostprocessing = 0;
			shellPath = /bin/sh;
			shellScript = "\"${SRCROOT}/Pods/Target Support Files/Pods-geographyQuizUITests/Pods-geographyQuizUITests-resources.sh\"\n";
			showEnvVarsInLog = 0;
		};
		FAEC5643210A1820909E794F /* [CP] Copy Pods Resources */ = {
			isa = PBXShellScriptBuildPhase;
			buildActionMask = 2147483647;
			files = (
			);
			inputPaths = (
			);
			name = "[CP] Copy Pods Resources";
			outputPaths = (
			);
			runOnlyForDeploymentPostprocessing = 0;
			shellPath = /bin/sh;
			shellScript = "\"${SRCROOT}/Pods/Target Support Files/Pods-geographyQuizTests/Pods-geographyQuizTests-resources.sh\"\n";
			showEnvVarsInLog = 0;
		};
/* End PBXShellScriptBuildPhase section */

/* Begin PBXSourcesBuildPhase section */
		951499801D5FDFE9009390B5 /* Sources */ = {
			isa = PBXSourcesBuildPhase;
			buildActionMask = 2147483647;
			files = (
				951499CC1D5FE54A009390B5 /* CountryModel.swift in Sources */,
				951499D01D5FE57E009390B5 /* CodeDataStack.swift in Sources */,
				951499B81D5FE2CE009390B5 /* PickContinentViewController.swift in Sources */,
				951499BB1D5FE305009390B5 /* CoreDataViewController.swift in Sources */,
				951499D41D5FED87009390B5 /* MapViewContoller.swift in Sources */,
				951499C91D5FE54A009390B5 /* CountryModel+CoreDataProperties.swift in Sources */,
				951499BE1D5FE374009390B5 /* Model.xcdatamodeld in Sources */,
				9514998A1D5FDFEA009390B5 /* ViewController.swift in Sources */,
				951499881D5FDFEA009390B5 /* AppDelegate.swift in Sources */,
			);
			runOnlyForDeploymentPostprocessing = 0;
		};
		951499941D5FDFEA009390B5 /* Sources */ = {
			isa = PBXSourcesBuildPhase;
			buildActionMask = 2147483647;
			files = (
				951499CA1D5FE54A009390B5 /* CountryModel+CoreDataProperties.swift in Sources */,
				951499D51D5FED87009390B5 /* MapViewContoller.swift in Sources */,
				951499D11D5FE57E009390B5 /* CodeDataStack.swift in Sources */,
				951499D71D5FEDC2009390B5 /* CoreDataViewController.swift in Sources */,
				956BC6B51D5FF2FD006AF440 /* AppDelegate.swift in Sources */,
				9514999D1D5FDFEA009390B5 /* geographyQuizTests.swift in Sources */,
				951499CD1D5FE54A009390B5 /* CountryModel.swift in Sources */,
			);
			runOnlyForDeploymentPostprocessing = 0;
		};
		9514999F1D5FDFEA009390B5 /* Sources */ = {
			isa = PBXSourcesBuildPhase;
			buildActionMask = 2147483647;
			files = (
				951499CB1D5FE54A009390B5 /* CountryModel+CoreDataProperties.swift in Sources */,
				951499D61D5FED87009390B5 /* MapViewContoller.swift in Sources */,
				951499D21D5FE57E009390B5 /* CodeDataStack.swift in Sources */,
				951499D81D5FEDC3009390B5 /* CoreDataViewController.swift in Sources */,
				956BC6B61D5FF2FE006AF440 /* AppDelegate.swift in Sources */,
				951499A81D5FDFEA009390B5 /* geographyQuizUITests.swift in Sources */,
				951499CE1D5FE54A009390B5 /* CountryModel.swift in Sources */,
			);
			runOnlyForDeploymentPostprocessing = 0;
		};
/* End PBXSourcesBuildPhase section */

/* Begin PBXTargetDependency section */
		9514999A1D5FDFEA009390B5 /* PBXTargetDependency */ = {
			isa = PBXTargetDependency;
			target = 951499831D5FDFE9009390B5 /* geographyQuiz */;
			targetProxy = 951499991D5FDFEA009390B5 /* PBXContainerItemProxy */;
		};
		951499A51D5FDFEA009390B5 /* PBXTargetDependency */ = {
			isa = PBXTargetDependency;
			target = 951499831D5FDFE9009390B5 /* geographyQuiz */;
			targetProxy = 951499A41D5FDFEA009390B5 /* PBXContainerItemProxy */;
		};
/* End PBXTargetDependency section */

/* Begin PBXVariantGroup section */
		9514998B1D5FDFEA009390B5 /* Main.storyboard */ = {
			isa = PBXVariantGroup;
			children = (
				9514998C1D5FDFEA009390B5 /* Base */,
			);
			name = Main.storyboard;
			sourceTree = "<group>";
		};
		951499901D5FDFEA009390B5 /* LaunchScreen.storyboard */ = {
			isa = PBXVariantGroup;
			children = (
				951499911D5FDFEA009390B5 /* Base */,
			);
			name = LaunchScreen.storyboard;
			sourceTree = "<group>";
		};
/* End PBXVariantGroup section */

/* Begin XCBuildConfiguration section */
		951499AA1D5FDFEA009390B5 /* Debug */ = {
			isa = XCBuildConfiguration;
			buildSettings = {
				ALWAYS_SEARCH_USER_PATHS = NO;
				CLANG_ANALYZER_NONNULL = YES;
				CLANG_CXX_LANGUAGE_STANDARD = "gnu++0x";
				CLANG_CXX_LIBRARY = "libc++";
				CLANG_ENABLE_MODULES = YES;
				CLANG_ENABLE_OBJC_ARC = YES;
				CLANG_WARN_BOOL_CONVERSION = YES;
				CLANG_WARN_CONSTANT_CONVERSION = YES;
				CLANG_WARN_DIRECT_OBJC_ISA_USAGE = YES_ERROR;
				CLANG_WARN_EMPTY_BODY = YES;
				CLANG_WARN_ENUM_CONVERSION = YES;
				CLANG_WARN_INT_CONVERSION = YES;
				CLANG_WARN_OBJC_ROOT_CLASS = YES_ERROR;
				CLANG_WARN_UNREACHABLE_CODE = YES;
				CLANG_WARN__DUPLICATE_METHOD_MATCH = YES;
				"CODE_SIGN_IDENTITY[sdk=iphoneos*]" = "iPhone Developer";
				COPY_PHASE_STRIP = NO;
				DEBUG_INFORMATION_FORMAT = dwarf;
				ENABLE_STRICT_OBJC_MSGSEND = YES;
				ENABLE_TESTABILITY = YES;
				GCC_C_LANGUAGE_STANDARD = gnu99;
				GCC_DYNAMIC_NO_PIC = NO;
				GCC_NO_COMMON_BLOCKS = YES;
				GCC_OPTIMIZATION_LEVEL = 0;
				GCC_PREPROCESSOR_DEFINITIONS = (
					"DEBUG=1",
					"$(inherited)",
				);
				GCC_WARN_64_TO_32_BIT_CONVERSION = YES;
				GCC_WARN_ABOUT_RETURN_TYPE = YES_ERROR;
				GCC_WARN_UNDECLARED_SELECTOR = YES;
				GCC_WARN_UNINITIALIZED_AUTOS = YES_AGGRESSIVE;
				GCC_WARN_UNUSED_FUNCTION = YES;
				GCC_WARN_UNUSED_VARIABLE = YES;
				IPHONEOS_DEPLOYMENT_TARGET = 9.3;
				MTL_ENABLE_DEBUG_INFO = YES;
				ONLY_ACTIVE_ARCH = YES;
				SDKROOT = iphoneos;
				SWIFT_OPTIMIZATION_LEVEL = "-Onone";
				TARGETED_DEVICE_FAMILY = "1,2";
			};
			name = Debug;
		};
		951499AB1D5FDFEA009390B5 /* Release */ = {
			isa = XCBuildConfiguration;
			buildSettings = {
				ALWAYS_SEARCH_USER_PATHS = NO;
				CLANG_ANALYZER_NONNULL = YES;
				CLANG_CXX_LANGUAGE_STANDARD = "gnu++0x";
				CLANG_CXX_LIBRARY = "libc++";
				CLANG_ENABLE_MODULES = YES;
				CLANG_ENABLE_OBJC_ARC = YES;
				CLANG_WARN_BOOL_CONVERSION = YES;
				CLANG_WARN_CONSTANT_CONVERSION = YES;
				CLANG_WARN_DIRECT_OBJC_ISA_USAGE = YES_ERROR;
				CLANG_WARN_EMPTY_BODY = YES;
				CLANG_WARN_ENUM_CONVERSION = YES;
				CLANG_WARN_INT_CONVERSION = YES;
				CLANG_WARN_OBJC_ROOT_CLASS = YES_ERROR;
				CLANG_WARN_UNREACHABLE_CODE = YES;
				CLANG_WARN__DUPLICATE_METHOD_MATCH = YES;
				"CODE_SIGN_IDENTITY[sdk=iphoneos*]" = "iPhone Developer";
				COPY_PHASE_STRIP = NO;
				DEBUG_INFORMATION_FORMAT = "dwarf-with-dsym";
				ENABLE_NS_ASSERTIONS = NO;
				ENABLE_STRICT_OBJC_MSGSEND = YES;
				GCC_C_LANGUAGE_STANDARD = gnu99;
				GCC_NO_COMMON_BLOCKS = YES;
				GCC_WARN_64_TO_32_BIT_CONVERSION = YES;
				GCC_WARN_ABOUT_RETURN_TYPE = YES_ERROR;
				GCC_WARN_UNDECLARED_SELECTOR = YES;
				GCC_WARN_UNINITIALIZED_AUTOS = YES_AGGRESSIVE;
				GCC_WARN_UNUSED_FUNCTION = YES;
				GCC_WARN_UNUSED_VARIABLE = YES;
				IPHONEOS_DEPLOYMENT_TARGET = 9.3;
				MTL_ENABLE_DEBUG_INFO = NO;
				SDKROOT = iphoneos;
				TARGETED_DEVICE_FAMILY = "1,2";
				VALIDATE_PRODUCT = YES;
			};
			name = Release;
		};
		951499AD1D5FDFEA009390B5 /* Debug */ = {
			isa = XCBuildConfiguration;
			baseConfigurationReference = C977326DD503311C43E401E7 /* Pods-geographyQuiz.debug.xcconfig */;
			buildSettings = {
				ASSETCATALOG_COMPILER_APPICON_NAME = AppIcon;
				INFOPLIST_FILE = geographyQuiz/Info.plist;
				LD_RUNPATH_SEARCH_PATHS = "$(inherited) @executable_path/Frameworks";
				PRODUCT_BUNDLE_IDENTIFIER = "anna-rogers.geographyQuiz";
				PRODUCT_NAME = "$(TARGET_NAME)";
			};
			name = Debug;
		};
		951499AE1D5FDFEA009390B5 /* Release */ = {
			isa = XCBuildConfiguration;
			baseConfigurationReference = 6CE94BFAD4CB08AE88689E32 /* Pods-geographyQuiz.release.xcconfig */;
			buildSettings = {
				ASSETCATALOG_COMPILER_APPICON_NAME = AppIcon;
				INFOPLIST_FILE = geographyQuiz/Info.plist;
				LD_RUNPATH_SEARCH_PATHS = "$(inherited) @executable_path/Frameworks";
				PRODUCT_BUNDLE_IDENTIFIER = "anna-rogers.geographyQuiz";
				PRODUCT_NAME = "$(TARGET_NAME)";
			};
			name = Release;
		};
		951499B01D5FDFEA009390B5 /* Debug */ = {
			isa = XCBuildConfiguration;
			baseConfigurationReference = A1094A7AB292748DA293CAD4 /* Pods-geographyQuizTests.debug.xcconfig */;
			buildSettings = {
				BUNDLE_LOADER = "$(TEST_HOST)";
				INFOPLIST_FILE = geographyQuizTests/Info.plist;
				LD_RUNPATH_SEARCH_PATHS = "$(inherited) @executable_path/Frameworks @loader_path/Frameworks";
				PRODUCT_BUNDLE_IDENTIFIER = "anna-rogers.geographyQuizTests";
				PRODUCT_NAME = "$(TARGET_NAME)";
				TEST_HOST = "$(BUILT_PRODUCTS_DIR)/geographyQuiz.app/geographyQuiz";
			};
			name = Debug;
		};
		951499B11D5FDFEA009390B5 /* Release */ = {
			isa = XCBuildConfiguration;
			baseConfigurationReference = 34C3D72AFD8B620B7C5587A1 /* Pods-geographyQuizTests.release.xcconfig */;
			buildSettings = {
				BUNDLE_LOADER = "$(TEST_HOST)";
				INFOPLIST_FILE = geographyQuizTests/Info.plist;
				LD_RUNPATH_SEARCH_PATHS = "$(inherited) @executable_path/Frameworks @loader_path/Frameworks";
				PRODUCT_BUNDLE_IDENTIFIER = "anna-rogers.geographyQuizTests";
				PRODUCT_NAME = "$(TARGET_NAME)";
				TEST_HOST = "$(BUILT_PRODUCTS_DIR)/geographyQuiz.app/geographyQuiz";
			};
			name = Release;
		};
		951499B31D5FDFEA009390B5 /* Debug */ = {
			isa = XCBuildConfiguration;
			baseConfigurationReference = 0D85A8BC38A9068259FBA049 /* Pods-geographyQuizUITests.debug.xcconfig */;
			buildSettings = {
				INFOPLIST_FILE = geographyQuizUITests/Info.plist;
				LD_RUNPATH_SEARCH_PATHS = "$(inherited) @executable_path/Frameworks @loader_path/Frameworks";
				PRODUCT_BUNDLE_IDENTIFIER = "anna-rogers.geographyQuizUITests";
				PRODUCT_NAME = "$(TARGET_NAME)";
				TEST_TARGET_NAME = geographyQuiz;
			};
			name = Debug;
		};
		951499B41D5FDFEA009390B5 /* Release */ = {
			isa = XCBuildConfiguration;
			baseConfigurationReference = 4645C5E42F39A3D36BD3E0B4 /* Pods-geographyQuizUITests.release.xcconfig */;
			buildSettings = {
				INFOPLIST_FILE = geographyQuizUITests/Info.plist;
				LD_RUNPATH_SEARCH_PATHS = "$(inherited) @executable_path/Frameworks @loader_path/Frameworks";
				PRODUCT_BUNDLE_IDENTIFIER = "anna-rogers.geographyQuizUITests";
				PRODUCT_NAME = "$(TARGET_NAME)";
				TEST_TARGET_NAME = geographyQuiz;
			};
			name = Release;
		};
/* End XCBuildConfiguration section */

/* Begin XCConfigurationList section */
		9514997F1D5FDFE9009390B5 /* Build configuration list for PBXProject "geographyQuiz" */ = {
			isa = XCConfigurationList;
			buildConfigurations = (
				951499AA1D5FDFEA009390B5 /* Debug */,
				951499AB1D5FDFEA009390B5 /* Release */,
			);
			defaultConfigurationIsVisible = 0;
			defaultConfigurationName = Release;
		};
		951499AC1D5FDFEA009390B5 /* Build configuration list for PBXNativeTarget "geographyQuiz" */ = {
			isa = XCConfigurationList;
			buildConfigurations = (
				951499AD1D5FDFEA009390B5 /* Debug */,
				951499AE1D5FDFEA009390B5 /* Release */,
			);
			defaultConfigurationIsVisible = 0;
			defaultConfigurationName = Release;
		};
		951499AF1D5FDFEA009390B5 /* Build configuration list for PBXNativeTarget "geographyQuizTests" */ = {
			isa = XCConfigurationList;
			buildConfigurations = (
				951499B01D5FDFEA009390B5 /* Debug */,
				951499B11D5FDFEA009390B5 /* Release */,
			);
			defaultConfigurationIsVisible = 0;
			defaultConfigurationName = Release;
		};
		951499B21D5FDFEA009390B5 /* Build configuration list for PBXNativeTarget "geographyQuizUITests" */ = {
			isa = XCConfigurationList;
			buildConfigurations = (
				951499B31D5FDFEA009390B5 /* Debug */,
				951499B41D5FDFEA009390B5 /* Release */,
			);
			defaultConfigurationIsVisible = 0;
			defaultConfigurationName = Release;
		};
/* End XCConfigurationList section */

/* Begin XCVersionGroup section */
		951499BC1D5FE374009390B5 /* Model.xcdatamodeld */ = {
			isa = XCVersionGroup;
			children = (
				951499BD1D5FE374009390B5 /* Model.xcdatamodel */,
			);
			currentVersion = 951499BD1D5FE374009390B5 /* Model.xcdatamodel */;
			path = Model.xcdatamodeld;
			sourceTree = "<group>";
			versionGroupType = wrapper.xcdatamodel;
		};
/* End XCVersionGroup section */
	};
	rootObject = 9514997C1D5FDFE9009390B5 /* Project object */;
}
